
Microsoft Visual Studio Solution File, Format Version 12.00
# Visual Studio Version 17
VisualStudioVersion = 17.4.33110.190
MinimumVisualStudioVersion = 10.0.40219.1
Project("{FAE04EC0-301F-11D3-BF4B-00C04F79EFBC}") = "Lab5", "Lab5\Lab5.csproj", "{00EFD276-2F54-4C60-A6D9-D17260087880}"
EndProject
Global
	GlobalSection(SolutionConfigurationPlatforms) = preSolution
		Debug|Any CPU = Debug|Any CPU
		Release|Any CPU = Release|Any CPU
	EndGlobalSection
	GlobalSection(ProjectConfigurationPlatforms) = postSolution
		{00EFD276-2F54-4C60-A6D9-D17260087880}.Debug|Any CPU.ActiveCfg = Debug|Any CPU
		{00EFD276-2F54-4C60-A6D9-D17260087880}.Debug|Any CPU.Build.0 = Debug|Any CPU
		{00EFD276-2F54-4C60-A6D9-D17260087880}.Release|Any CPU.ActiveCfg = Release|Any CPU
		{00EFD276-2F54-4C60-A6D9-D17260087880}.Release|Any CPU.Build.0 = Release|Any CPU
	EndGlobalSection
	GlobalSection(SolutionProperties) = preSolution
		HideSolutionNode = FALSE
	EndGlobalSection
	GlobalSection(ExtensibilityGlobals) = postSolution
		SolutionGuid = {F90C6C72-A144-472C-AC23-5F2DC853B5F9}
	EndGlobalSection
EndGlobal
