
Microsoft Visual Studio Solution File, Format Version 12.00
# Visual Studio Version 17
VisualStudioVersion = 17.4.33110.190
MinimumVisualStudioVersion = 10.0.40219.1
Project("{FAE04EC0-301F-11D3-BF4B-00C04F79EFBC}") = "15_Puzzle", "15_Puzzle\15_Puzzle.csproj", "{397EF108-FF67-4504-A89B-C7E37A08270B}"
EndProject
Global
	GlobalSection(SolutionConfigurationPlatforms) = preSolution
		Debug|Any CPU = Debug|Any CPU
		Release|Any CPU = Release|Any CPU
	EndGlobalSection
	GlobalSection(ProjectConfigurationPlatforms) = postSolution
		{397EF108-FF67-4504-A89B-C7E37A08270B}.Debug|Any CPU.ActiveCfg = Debug|Any CPU
		{397EF108-FF67-4504-A89B-C7E37A08270B}.Debug|Any CPU.Build.0 = Debug|Any CPU
		{397EF108-FF67-4504-A89B-C7E37A08270B}.Release|Any CPU.ActiveCfg = Release|Any CPU
		{397EF108-FF67-4504-A89B-C7E37A08270B}.Release|Any CPU.Build.0 = Release|Any CPU
	EndGlobalSection
	GlobalSection(SolutionProperties) = preSolution
		HideSolutionNode = FALSE
	EndGlobalSection
	GlobalSection(ExtensibilityGlobals) = postSolution
		SolutionGuid = {27C53CCB-9867-4B65-9DF7-3F0ACA147A11}
	EndGlobalSection
EndGlobal
